PODS:
  - Flutter (1.0.0)
  - flutter_callkit_voximplant (2.1.0):
    - Flutter

DEPENDENCIES:
  - Flutter (from `Flutter`)
  - flutter_callkit_voximplant (from `.symlinks/plugins/flutter_callkit_voximplant/ios`)

EXTERNAL SOURCES:
  Flutter:
    :path: Flutter
  flutter_callkit_voximplant:
    :path: ".symlinks/plugins/flutter_callkit_voximplant/ios"

SPEC CHECKSUMS:
  Flutter: f04841e97a9d0b0a8025694d0796dd46242b2854
  flutter_callkit_voximplant: 9e1128135757ea8a21ae7bbc06ff4a37e906ccc5

PODFILE CHECKSUM: 663715e941f9adb426e33bf9376914006f9ea95b

COCOAPODS: 1.12.0
